// !$*UTF8*$!
{
	archiveVersion = 1;
	classes = {
	};
	objectVersion = 50;
	objects = {

/* Begin PBXBuildFile section */
		10CBAC4C216D218F00378EBE /* AppDelegate.swift in Sources */ = {isa = PBXBuildFile; fileRef = 10CBAC4B216D218F00378EBE /* AppDelegate.swift */; };
		10CBAC4E216D218F00378EBE /* ColorChangeViewController.swift in Sources */ = {isa = PBXBuildFile; fileRef = 10CBAC4D216D218F00378EBE /* ColorChangeViewController.swift */; };
		10CBAC51216D218F00378EBE /* Main.storyboard in Resources */ = {isa = PBXBuildFile; fileRef = 10CBAC4F216D218F00378EBE /* Main.storyboard */; };
		10CBAC53216D219800378EBE /* Assets.xcassets in Resources */ = {isa = PBXBuildFile; fileRef = 10CBAC52216D219800378EBE /* Assets.xcassets */; };
		10CBAC56216D219800378EBE /* LaunchScreen.storyboard in Resources */ = {isa = PBXBuildFile; fileRef = 10CBAC54216D219800378EBE /* LaunchScreen.storyboard */; };
		10CBAC62216D26FD00378EBE /* ColorTool.swift in Sources */ = {isa = PBXBuildFile; fileRef = 10CBAC61216D26FD00378EBE /* ColorTool.swift */; };
/* End PBXBuildFile section */

/* Begin PBXFileReference section */
		10CBAC48216D218F00378EBE /* Firstios.app */ = {isa = PBXFileReference; explicitFileType = wrapper.application; includeInIndex = 0; path = Firstios.app; sourceTree = BUILT_PRODUCTS_DIR; };
		10CBAC4B216D218F00378EBE /* AppDelegate.swift */ = {isa = PBXFileReference; lastKnownFileType = sourcecode.swift; path = AppDelegate.swift; sourceTree = "<group>"; };
		10CBAC4D216D218F00378EBE /* ColorChangeViewController.swift */ = {isa = PBXFileReference; lastKnownFileType = sourcecode.swift; path = ColorChangeViewController.swift; sourceTree = "<group>"; };
		10CBAC50216D218F00378EBE /* Base */ = {isa = PBXFileReference; lastKnownFileType = file.storyboard; name = Base; path = Base.lproj/Main.storyboard; sourceTree = "<group>"; };
		10CBAC52216D219800378EBE /* Assets.xcassets */ = {isa = PBXFileReference; lastKnownFileType = folder.assetcatalog; path = Assets.xcassets; sourceTree = "<group>"; };
		10CBAC55216D219800378EBE /* Base */ = {isa = PBXFileReference; lastKnownFileType = file.storyboard; name = Base; path = Base.lproj/LaunchScreen.storyboard; sourceTree = "<group>"; };
		10CBAC57216D219800378EBE /* Info.plist */ = {isa = PBXFileReference; lastKnownFileType = text.plist.xml; path = Info.plist; sourceTree = "<group>"; };
		10CBAC61216D26FD00378EBE /* ColorTool.swift */ = {isa = PBXFileReference; lastKnownFileType = sourcecode.swift; path = ColorTool.swift; sourceTree = "<group>"; };
/* End PBXFileReference section */

/* Begin PBXFrameworksBuildPhase section */
		10CBAC45216D218F00378EBE /* Frameworks */ = {
			isa = PBXFrameworksBuildPhase;
			buildActionMask = 2147483647;
			files = (
			);
			runOnlyForDeploymentPostprocessing = 0;
		};
/* End PBXFrameworksBuildPhase section */

/* Begin PBXGroup section */
		10CBAC3F216D218F00378EBE = {
			isa = PBXGroup;
			children = (
				10CBAC4A216D218F00378EBE /* Firstios */,
				10CBAC49216D218F00378EBE /* Products */,
			);
			sourceTree = "<group>";
		};
		10CBAC49216D218F00378EBE /* Products */ = {
			isa = PBXGroup;
			children = (
				10CBAC48216D218F00378EBE /* Firstios.app */,
			);
			name = Products;
			sourceTree = "<group>";
		};
		10CBAC4A216D218F00378EBE /* Firstios */ = {
			isa = PBXGroup;
			children = (
				10CBAC60216D266C00378EBE /* Model */,
				10CBAC5D216D241A00378EBE /* Resources */,
				10CBAC5E216D260F00378EBE /* Controller */,
				10CBAC5F216D263400378EBE /* View */,
			);
			path = Firstios;
			sourceTree = "<group>";
		};
		10CBAC5D216D241A00378EBE /* Resources */ = {
			isa = PBXGroup;
			children = (
				10CBAC4B216D218F00378EBE /* AppDelegate.swift */,
				10CBAC52216D219800378EBE /* Assets.xcassets */,
				10CBAC57216D219800378EBE /* Info.plist */,
			);
			path = Resources;
			sourceTree = "<group>";
		};
		10CBAC5E216D260F00378EBE /* Controller */ = {
			isa = PBXGroup;
			children = (
				10CBAC4D216D218F00378EBE /* ColorChangeViewController.swift */,
			);
			path = Controller;
			sourceTree = "<group>";
		};
		10CBAC5F216D263400378EBE /* View */ = {
			isa = PBXGroup;
			children = (
				10CBAC4F216D218F00378EBE /* Main.storyboard */,
				10CBAC54216D219800378EBE /* LaunchScreen.storyboard */,
			);
			path = View;
			sourceTree = "<group>";
		};
		10CBAC60216D266C00378EBE /* Model */ = {
			isa = PBXGroup;
			children = (
				10CBAC61216D26FD00378EBE /* ColorTool.swift */,
			);
			path = Model;
			sourceTree = "<group>";
		};
/* End PBXGroup section */

/* Begin PBXNativeTarget section */
		10CBAC47216D218F00378EBE /* Firstios */ = {
			isa = PBXNativeTarget;
			buildConfigurationList = 10CBAC5A216D219800378EBE /* Build configuration list for PBXNativeTarget "Firstios" */;
			buildPhases = (
				10CBAC44216D218F00378EBE /* Sources */,
				10CBAC45216D218F00378EBE /* Frameworks */,
				10CBAC46216D218F00378EBE /* Resources */,
			);
			buildRules = (
			);
			dependencies = (
			);
			name = Firstios;
			productName = Firstios;
			productReference = 10CBAC48216D218F00378EBE /* Firstios.app */;
			productType = "com.apple.product-type.application";
		};
/* End PBXNativeTarget section */

/* Begin PBXProject section */
		10CBAC40216D218F00378EBE /* Project object */ = {
			isa = PBXProject;
			attributes = {
				LastSwiftUpdateCheck = 0940;
				LastUpgradeCheck = 0940;
				ORGANIZATIONNAME = Ctec;
				TargetAttributes = {
					10CBAC47216D218F00378EBE = {
						CreatedOnToolsVersion = 9.4.1;
					};
				};
			};
			buildConfigurationList = 10CBAC43216D218F00378EBE /* Build configuration list for PBXProject "Firstios" */;
			compatibilityVersion = "Xcode 9.3";
			developmentRegion = en;
			hasScannedForEncodings = 0;
			knownRegions = (
				en,
				Base,
			);
			mainGroup = 10CBAC3F216D218F00378EBE;
			productRefGroup = 10CBAC49216D218F00378EBE /* Products */;
			projectDirPath = "";
			projectRoot = "";
			targets = (
				10CBAC47216D218F00378EBE /* Firstios */,
			);
		};
/* End PBXProject section */

/* Begin PBXResourcesBuildPhase section */
		10CBAC46216D218F00378EBE /* Resources */ = {
			isa = PBXResourcesBuildPhase;
			buildActionMask = 2147483647;
			files = (
				10CBAC56216D219800378EBE /* LaunchScreen.storyboard in Resources */,
				10CBAC53216D219800378EBE /* Assets.xcassets in Resources */,
				10CBAC51216D218F00378EBE /* Main.storyboard in Resources */,
			);
			runOnlyForDeploymentPostprocessing = 0;
		};
/* End PBXResourcesBuildPhase section */

/* Begin PBXSourcesBuildPhase section */
		10CBAC44216D218F00378EBE /* Sources */ = {
			isa = PBXSourcesBuildPhase;
			buildActionMask = 2147483647;
			files = (
				10CBAC4E216D218F00378EBE /* ColorChangeViewController.swift in Sources */,
				10CBAC4C216D218F00378EBE /* AppDelegate.swift in Sources */,
				10CBAC62216D26FD00378EBE /* ColorTool.swift in Sources */,
			);
			runOnlyForDeploymentPostprocessing = 0;
		};
/* End PBXSourcesBuildPhase section */

/* Begin PBXVariantGroup section */
		10CBAC4F216D218F00378EBE /* Main.storyboard */ = {
			isa = PBXVariantGroup;
			children = (
				10CBAC50216D218F00378EBE /* Base */,
			);
			name = Main.storyboard;
			sourceTree = "<group>";
		};
		10CBAC54216D219800378EBE /* LaunchScreen.storyboard */ = {
			isa = PBXVariantGroup;
			children = (
				10CBAC55216D219800378EBE /* Base */,
			);
			name = LaunchScreen.storyboard;
			sourceTree = "<group>";
		};
/* End PBXVariantGroup section */

/* Begin XCBuildConfiguration section */
		10CBAC58216D219800378EBE /* Debug */ = {
			isa = XCBuildConfiguration;
			buildSettings = {
				ALWAYS_SEARCH_USER_PATHS = NO;
				CLANG_ANALYZER_NONNULL = YES;
				CLANG_ANALYZER_NUMBER_OBJECT_CONVERSION = YES_AGGRESSIVE;
				CLANG_CXX_LANGUAGE_STANDARD = "gnu++14";
				CLANG_CXX_LIBRARY = "libc++";
				CLANG_ENABLE_MODULES = YES;
				CLANG_ENABLE_OBJC_ARC = YES;
				CLANG_ENABLE_OBJC_WEAK = YES;
				CLANG_WARN_BLOCK_CAPTURE_AUTORELEASING = YES;
				CLANG_WARN_BOOL_CONVERSION = YES;
				CLANG_WARN_COMMA = YES;
				CLANG_WARN_CONSTANT_CONVERSION = YES;
				CLANG_WARN_DEPRECATED_OBJC_IMPLEMENTATIONS = YES;
				CLANG_WARN_DIRECT_OBJC_ISA_USAGE = YES_ERROR;
				CLANG_WARN_DOCUMENTATION_COMMENTS = YES;
				CLANG_WARN_EMPTY_BODY = YES;
				CLANG_WARN_ENUM_CONVERSION = YES;
				CLANG_WARN_INFINITE_RECURSION = YES;
				CLANG_WARN_INT_CONVERSION = YES;
				CLANG_WARN_NON_LITERAL_NULL_CONVERSION = YES;
				CLANG_WARN_OBJC_IMPLICIT_RETAIN_SELF = YES;
				CLANG_WARN_OBJC_LITERAL_CONVERSION = YES;
				CLANG_WARN_OBJC_ROOT_CLASS = YES_ERROR;
				CLANG_WARN_RANGE_LOOP_ANALYSIS = YES;
				CLANG_WARN_STRICT_PROTOTYPES = YES;
				CLANG_WARN_SUSPICIOUS_MOVE = YES;
				CLANG_WARN_UNGUARDED_AVAILABILITY = YES_AGGRESSIVE;
				CLANG_WARN_UNREACHABLE_CODE = YES;
				CLANG_WARN__DUPLICATE_METHOD_MATCH = YES;
				CODE_SIGN_IDENTITY = "iPhone Developer";
				COPY_PHASE_STRIP = NO;
				DEBUG_INFORMATION_FORMAT = dwarf;
				ENABLE_STRICT_OBJC_MSGSEND = YES;
				ENABLE_TESTABILITY = YES;
				GCC_C_LANGUAGE_STANDARD = gnu11;
				GCC_DYNAMIC_NO_PIC = NO;
				GCC_NO_COMMON_BLOCKS = YES;
				GCC_OPTIMIZATION_LEVEL = 0;
				GCC_PREPROCESSOR_DEFINITIONS = (
					"DEBUG=1",
					"$(inherited)",
				);
				GCC_WARN_64_TO_32_BIT_CONVERSION = YES;
				GCC_WARN_ABOUT_RETURN_TYPE = YES_ERROR;
				GCC_WARN_UNDECLARED_SELECTOR = YES;
				GCC_WARN_UNINITIALIZED_AUTOS = YES_AGGRESSIVE;
				GCC_WARN_UNUSED_FUNCTION = YES;
				GCC_WARN_UNUSED_VARIABLE = YES;
				IPHONEOS_DEPLOYMENT_TARGET = 11.4;
				MTL_ENABLE_DEBUG_INFO = YES;
				ONLY_ACTIVE_ARCH = YES;
				SDKROOT = iphoneos;
				SWIFT_ACTIVE_COMPILATION_CONDITIONS = DEBUG;
				SWIFT_OPTIMIZATION_LEVEL = "-Onone";
			};
			name = Debug;
		};
		10CBAC59216D219800378EBE /* Release */ = {
			isa = XCBuildConfiguration;
			buildSettings = {
				ALWAYS_SEARCH_USER_PATHS = NO;
				CLANG_ANALYZER_NONNULL = YES;
				CLANG_ANALYZER_NUMBER_OBJECT_CONVERSION = YES_AGGRESSIVE;
				CLANG_CXX_LANGUAGE_STANDARD = "gnu++14";
				CLANG_CXX_LIBRARY = "libc++";
				CLANG_ENABLE_MODULES = YES;
				CLANG_ENABLE_OBJC_ARC = YES;
				CLANG_ENABLE_OBJC_WEAK = YES;
				CLANG_WARN_BLOCK_CAPTURE_AUTORELEASING = YES;
				CLANG_WARN_BOOL_CONVERSION = YES;
				CLANG_WARN_COMMA = YES;
				CLANG_WARN_CONSTANT_CONVERSION = YES;
				CLANG_WARN_DEPRECATED_OBJC_IMPLEMENTATIONS = YES;
				CLANG_WARN_DIRECT_OBJC_ISA_USAGE = YES_ERROR;
				CLANG_WARN_DOCUMENTATION_COMMENTS = YES;
				CLANG_WARN_EMPTY_BODY = YES;
				CLANG_WARN_ENUM_CONVERSION = YES;
				CLANG_WARN_INFINITE_RECURSION = YES;
				CLANG_WARN_INT_CONVERSION = YES;
				CLANG_WARN_NON_LITERAL_NULL_CONVERSION = YES;
				CLANG_WARN_OBJC_IMPLICIT_RETAIN_SELF = YES;
				CLANG_WARN_OBJC_LITERAL_CONVERSION = YES;
				CLANG_WARN_OBJC_ROOT_CLASS = YES_ERROR;
				CLANG_WARN_RANGE_LOOP_ANALYSIS = YES;
				CLANG_WARN_STRICT_PROTOTYPES = YES;
				CLANG_WARN_SUSPICIOUS_MOVE = YES;
				CLANG_WARN_UNGUARDED_AVAILABILITY = YES_AGGRESSIVE;
				CLANG_WARN_UNREACHABLE_CODE = YES;
				CLANG_WARN__DUPLICATE_METHOD_MATCH = YES;
				CODE_SIGN_IDENTITY = "iPhone Developer";
				COPY_PHASE_STRIP = NO;
				DEBUG_INFORMATION_FORMAT = "dwarf-with-dsym";
				ENABLE_NS_ASSERTIONS = NO;
				ENABLE_STRICT_OBJC_MSGSEND = YES;
				GCC_C_LANGUAGE_STANDARD = gnu11;
				GCC_NO_COMMON_BLOCKS = YES;
				GCC_WARN_64_TO_32_BIT_CONVERSION = YES;
				GCC_WARN_ABOUT_RETURN_TYPE = YES_ERROR;
				GCC_WARN_UNDECLARED_SELECTOR = YES;
				GCC_WARN_UNINITIALIZED_AUTOS = YES_AGGRESSIVE;
				GCC_WARN_UNUSED_FUNCTION = YES;
				GCC_WARN_UNUSED_VARIABLE = YES;
				IPHONEOS_DEPLOYMENT_TARGET = 11.4;
				MTL_ENABLE_DEBUG_INFO = NO;
				SDKROOT = iphoneos;
				SWIFT_COMPILATION_MODE = wholemodule;
				SWIFT_OPTIMIZATION_LEVEL = "-O";
				VALIDATE_PRODUCT = YES;
			};
			name = Release;
		};
		10CBAC5B216D219800378EBE /* Debug */ = {
			isa = XCBuildConfiguration;
			buildSettings = {
				ASSETCATALOG_COMPILER_APPICON_NAME = AppIcon;
				CODE_SIGN_STYLE = Automatic;
				INFOPLIST_FILE = "$(SRCROOT)/Firstios/Resources/Info.plist";
				LD_RUNPATH_SEARCH_PATHS = (
					"$(inherited)",
					"@executable_path/Frameworks",
				);
				PRODUCT_BUNDLE_IDENTIFIER = Ctec.Firstios;
				PRODUCT_NAME = "$(TARGET_NAME)";
				SWIFT_VERSION = 4.0;
				TARGETED_DEVICE_FAMILY = "1,2";
			};
			name = Debug;
		};
		10CBAC5C216D219800378EBE /* Release */ = {
			isa = XCBuildConfiguration;
			buildSettings = {
				ASSETCATALOG_COMPILER_APPICON_NAME = AppIcon;
				CODE_SIGN_STYLE = Automatic;
				INFOPLIST_FILE = "$(SRCROOT)/Firstios/Resources/Info.plist";
				LD_RUNPATH_SEARCH_PATHS = (
					"$(inherited)",
					"@executable_path/Frameworks",
				);
				PRODUCT_BUNDLE_IDENTIFIER = Ctec.Firstios;
				PRODUCT_NAME = "$(TARGET_NAME)";
				SWIFT_VERSION = 4.0;
				TARGETED_DEVICE_FAMILY = "1,2";
			};
			name = Release;
		};
/* End XCBuildConfiguration section */

/* Begin XCConfigurationList section */
		10CBAC43216D218F00378EBE /* Build configuration list for PBXProject "Firstios" */ = {
			isa = XCConfigurationList;
			buildConfigurations = (
				10CBAC58216D219800378EBE /* Debug */,
				10CBAC59216D219800378EBE /* Release */,
			);
			defaultConfigurationIsVisible = 0;
			defaultConfigurationName = Release;
		};
		10CBAC5A216D219800378EBE /* Build configuration list for PBXNativeTarget "Firstios" */ = {
			isa = XCConfigurationList;
			buildConfigurations = (
				10CBAC5B216D219800378EBE /* Debug */,
				10CBAC5C216D219800378EBE /* Release */,
			);
			defaultConfigurationIsVisible = 0;
			defaultConfigurationName = Release;
		};
/* End XCConfigurationList section */
	};
	rootObject = 10CBAC40216D218F00378EBE /* Project object */;
}
